
Microsoft Visual Studio Solution File, Format Version 12.00
# Visual Studio Version 16
VisualStudioVersion = 16.0.31702.278
MinimumVisualStudioVersion = 10.0.40219.1
Project("{FAE04EC0-301F-11D3-BF4B-00C04F79EFBC}") = "Bootstrap Task", "Bootstrap Task\Bootstrap Task.csproj", "{AA479E55-9E4E-40A5-904A-B6A1BADCC3EF}"
EndProject
Global
	GlobalSection(SolutionConfigurationPlatforms) = preSolution
		Debug|Any CPU = Debug|Any CPU
		Release|Any CPU = Release|Any CPU
	EndGlobalSection
	GlobalSection(ProjectConfigurationPlatforms) = postSolution
		{AA479E55-9E4E-40A5-904A-B6A1BADCC3EF}.Debug|Any CPU.ActiveCfg = Debug|Any CPU
		{AA479E55-9E4E-40A5-904A-B6A1BADCC3EF}.Debug|Any CPU.Build.0 = Debug|Any CPU
		{AA479E55-9E4E-40A5-904A-B6A1BADCC3EF}.Release|Any CPU.ActiveCfg = Release|Any CPU
		{AA479E55-9E4E-40A5-904A-B6A1BADCC3EF}.Release|Any CPU.Build.0 = Release|Any CPU
	EndGlobalSection
	GlobalSection(SolutionProperties) = preSolution
		HideSolutionNode = FALSE
	EndGlobalSection
	GlobalSection(ExtensibilityGlobals) = postSolution
		SolutionGuid = {CD48E55C-E956-4AE5-BEB4-4A85C8E3893F}
	EndGlobalSection
EndGlobal
